
Microsoft Visual Studio Solution File, Format Version 12.00
# Visual Studio Version 17
VisualStudioVersion = 17.8.34511.84
MinimumVisualStudioVersion = 10.0.40219.1
Project("{FAE04EC0-301F-11D3-BF4B-00C04F79EFBC}") = "Minefield Game", "Minefield Game\Minefield Game.csproj", "{9B7A9CE3-6538-4BAA-8F1E-B2C6AF97B674}"
EndProject
Global
	GlobalSection(SolutionConfigurationPlatforms) = preSolution
		Debug|Any CPU = Debug|Any CPU
		Release|Any CPU = Release|Any CPU
	EndGlobalSection
	GlobalSection(ProjectConfigurationPlatforms) = postSolution
		{9B7A9CE3-6538-4BAA-8F1E-B2C6AF97B674}.Debug|Any CPU.ActiveCfg = Debug|Any CPU
		{9B7A9CE3-6538-4BAA-8F1E-B2C6AF97B674}.Debug|Any CPU.Build.0 = Debug|Any CPU
		{9B7A9CE3-6538-4BAA-8F1E-B2C6AF97B674}.Release|Any CPU.ActiveCfg = Release|Any CPU
		{9B7A9CE3-6538-4BAA-8F1E-B2C6AF97B674}.Release|Any CPU.Build.0 = Release|Any CPU
	EndGlobalSection
	GlobalSection(SolutionProperties) = preSolution
		HideSolutionNode = FALSE
	EndGlobalSection
	GlobalSection(ExtensibilityGlobals) = postSolution
		SolutionGuid = {84590FC1-C288-4E74-AD7B-8798A1B56358}
	EndGlobalSection
EndGlobal
